
Microsoft Visual Studio Solution File, Format Version 12.00
# Visual Studio Version 17
VisualStudioVersion = 17.13.35825.156 d17.13
MinimumVisualStudioVersion = 10.0.40219.1
Project("{FAE04EC0-301F-11D3-BF4B-00C04F79EFBC}") = "TodoAppBackend", "TodoAppBackend\TodoAppBackend.csproj", "{A042713A-A0EA-40E1-97C6-016D1E6EA729}"
EndProject
Global
	GlobalSection(SolutionConfigurationPlatforms) = preSolution
		Debug|Any CPU = Debug|Any CPU
		Release|Any CPU = Release|Any CPU
	EndGlobalSection
	GlobalSection(ProjectConfigurationPlatforms) = postSolution
		{A042713A-A0EA-40E1-97C6-016D1E6EA729}.Debug|Any CPU.ActiveCfg = Debug|Any CPU
		{A042713A-A0EA-40E1-97C6-016D1E6EA729}.Debug|Any CPU.Build.0 = Debug|Any CPU
		{A042713A-A0EA-40E1-97C6-016D1E6EA729}.Release|Any CPU.ActiveCfg = Release|Any CPU
		{A042713A-A0EA-40E1-97C6-016D1E6EA729}.Release|Any CPU.Build.0 = Release|Any CPU
	EndGlobalSection
	GlobalSection(SolutionProperties) = preSolution
		HideSolutionNode = FALSE
	EndGlobalSection
	GlobalSection(ExtensibilityGlobals) = postSolution
		SolutionGuid = {6E9F6EC8-1611-4A52-83B0-43301704E1C4}
	EndGlobalSection
EndGlobal
